
Microsoft Visual Studio Solution File, Format Version 12.00
# Visual Studio Version 17
VisualStudioVersion = 17.14.36705.20
MinimumVisualStudioVersion = 10.0.40219.1
Project("{8BC9CEB8-8B4A-11D0-8D11-00A0C91BC942}") = "Client", "Client\Client.vcxproj", "{8EF045F6-4153-431F-BEBB-F9F54A30ACA1}"
	ProjectSection(ProjectDependencies) = postProject
		{02F544F5-D4A9-4945-9EF8-9DEDA56D3A93} = {02F544F5-D4A9-4945-9EF8-9DEDA56D3A93}
	EndProjectSection
EndProject
Project("{8BC9CEB8-8B4A-11D0-8D11-00A0C91BC942}") = "Server", "Server\Server.vcxproj", "{EF58EFCC-7DEB-446D-BC3E-E35461A9D1E9}"
	ProjectSection(ProjectDependencies) = postProject
		{02F544F5-D4A9-4945-9EF8-9DEDA56D3A93} = {02F544F5-D4A9-4945-9EF8-9DEDA56D3A93}
	EndProjectSection
EndProject
Project("{8BC9CEB8-8B4A-11D0-8D11-00A0C91BC942}") = "FormatLastError", "FormatLastError\FormatLastError.vcxproj", "{02F544F5-D4A9-4945-9EF8-9DEDA56D3A93}"
EndProject
Project("{8BC9CEB8-8B4A-11D0-8D11-00A0C91BC942}") = "Threads", "Threads\Threads.vcxproj", "{419C86C1-2D40-47FB-8D75-E60BA058FAA2}"
EndProject
Global
	GlobalSection(SolutionConfigurationPlatforms) = preSolution
		Debug|x64 = Debug|x64
		Debug|x86 = Debug|x86
		Release|x64 = Release|x64
		Release|x86 = Release|x86
	EndGlobalSection
	GlobalSection(ProjectConfigurationPlatforms) = postSolution
		{8EF045F6-4153-431F-BEBB-F9F54A30ACA1}.Debug|x64.ActiveCfg = Debug|x64
		{8EF045F6-4153-431F-BEBB-F9F54A30ACA1}.Debug|x64.Build.0 = Debug|x64
		{8EF045F6-4153-431F-BEBB-F9F54A30ACA1}.Debug|x86.ActiveCfg = Debug|Win32
		{8EF045F6-4153-431F-BEBB-F9F54A30ACA1}.Debug|x86.Build.0 = Debug|Win32
		{8EF045F6-4153-431F-BEBB-F9F54A30ACA1}.Release|x64.ActiveCfg = Release|x64
		{8EF045F6-4153-431F-BEBB-F9F54A30ACA1}.Release|x64.Build.0 = Release|x64
		{8EF045F6-4153-431F-BEBB-F9F54A30ACA1}.Release|x86.ActiveCfg = Release|Win32
		{8EF045F6-4153-431F-BEBB-F9F54A30ACA1}.Release|x86.Build.0 = Release|Win32
		{EF58EFCC-7DEB-446D-BC3E-E35461A9D1E9}.Debug|x64.ActiveCfg = Debug|x64
		{EF58EFCC-7DEB-446D-BC3E-E35461A9D1E9}.Debug|x64.Build.0 = Debug|x64
		{EF58EFCC-7DEB-446D-BC3E-E35461A9D1E9}.Debug|x86.ActiveCfg = Debug|Win32
		{EF58EFCC-7DEB-446D-BC3E-E35461A9D1E9}.Debug|x86.Build.0 = Debug|Win32
		{EF58EFCC-7DEB-446D-BC3E-E35461A9D1E9}.Release|x64.ActiveCfg = Release|x64
		{EF58EFCC-7DEB-446D-BC3E-E35461A9D1E9}.Release|x64.Build.0 = Release|x64
		{EF58EFCC-7DEB-446D-BC3E-E35461A9D1E9}.Release|x86.ActiveCfg = Release|Win32
		{EF58EFCC-7DEB-446D-BC3E-E35461A9D1E9}.Release|x86.Build.0 = Release|Win32
		{02F544F5-D4A9-4945-9EF8-9DEDA56D3A93}.Debug|x64.ActiveCfg = Debug|x64
		{02F544F5-D4A9-4945-9EF8-9DEDA56D3A93}.Debug|x64.Build.0 = Debug|x64
		{02F544F5-D4A9-4945-9EF8-9DEDA56D3A93}.Debug|x86.ActiveCfg = Debug|Win32
		{02F544F5-D4A9-4945-9EF8-9DEDA56D3A93}.Debug|x86.Build.0 = Debug|Win32
		{02F544F5-D4A9-4945-9EF8-9DEDA56D3A93}.Release|x64.ActiveCfg = Release|x64
		{02F544F5-D4A9-4945-9EF8-9DEDA56D3A93}.Release|x64.Build.0 = Release|x64
		{02F544F5-D4A9-4945-9EF8-9DEDA56D3A93}.Release|x86.ActiveCfg = Release|Win32
		{02F544F5-D4A9-4945-9EF8-9DEDA56D3A93}.Release|x86.Build.0 = Release|Win32
		{419C86C1-2D40-47FB-8D75-E60BA058FAA2}.Debug|x64.ActiveCfg = Debug|x64
		{419C86C1-2D40-47FB-8D75-E60BA058FAA2}.Debug|x64.Build.0 = Debug|x64
		{419C86C1-2D40-47FB-8D75-E60BA058FAA2}.Debug|x86.ActiveCfg = Debug|Win32
		{419C86C1-2D40-47FB-8D75-E60BA058FAA2}.Debug|x86.Build.0 = Debug|Win32
		{419C86C1-2D40-47FB-8D75-E60BA058FAA2}.Release|x64.ActiveCfg = Release|x64
		{419C86C1-2D40-47FB-8D75-E60BA058FAA2}.Release|x64.Build.0 = Release|x64
		{419C86C1-2D40-47FB-8D75-E60BA058FAA2}.Release|x86.ActiveCfg = Release|Win32
		{419C86C1-2D40-47FB-8D75-E60BA058FAA2}.Release|x86.Build.0 = Release|Win32
	EndGlobalSection
	GlobalSection(SolutionProperties) = preSolution
		HideSolutionNode = FALSE
	EndGlobalSection
	GlobalSection(ExtensibilityGlobals) = postSolution
		SolutionGuid = {B62E20F8-DD4D-4441-83D9-D58450F4AE9B}
	EndGlobalSection
EndGlobal
